<?xml version="1.0" encoding="UTF-8" standalone="yes" ?>
<CodeBlocks_project_file>
	<FileVersion major="1" minor="6" />
	<Project>
		<Option title="CardGame" />
		<Option pch_mode="2" />
		<Option compiler="gcc" />
		<Build>
			<Target title="Debug">
				<Option output="bin/Debug/CardGame" prefix_auto="1" extension_auto="1" />
				<Option object_output="obj/Debug/" />
				<Option type="1" />
				<Option compiler="gcc" />
				<Compiler>
					<Add option="-g" />
					<Add directory="include" />
				</Compiler>
			</Target>
			<Target title="Testing">
				<Option output="bin/Testing/CardGame" prefix_auto="1" extension_auto="1" />
				<Option working_dir="bin/Testing/" />
				<Option object_output="obj/Testing/" />
				<Option type="1" />
				<Option compiler="gcc" />
				<Compiler>
					<Add directory="include" />
				</Compiler>
				<Linker>
					<Add option="-lgtest" />
					<Add option="-lpthread" />
					<Add library="/usr/src/gmock/gmock-all.cc" />
					<Add directory="/home/anvik/3720/CardGame/" />
				</Linker>
			</Target>
		</Build>
		<Compiler>
			<Add option="-Wall" />
			<Add option="-fexceptions" />
		</Compiler>
		<Unit filename=".gitignore" />
		<Unit filename=".gitlab-ci.yml" />
		<Unit filename="Makefile" />
		<Unit filename="include/Card.h" />
		<Unit filename="include/Deck.h" />
		<Unit filename="include/Exceptions.h" />
		<Unit filename="include/Game.h" />
		<Unit filename="include/GameUI.h" />
		<Unit filename="include/GoFish.h" />
		<Unit filename="include/GoFishUI.h" />
		<Unit filename="include/Player.h" />
		<Unit filename="src/Card.cpp" />
		<Unit filename="src/Deck.cpp" />
		<Unit filename="src/Game.cpp" />
		<Unit filename="src/GameUI.cpp" />
		<Unit filename="src/GoFish.cpp" />
		<Unit filename="src/GoFishUI.cpp" />
		<Unit filename="src/Player.cpp" />
		<Unit filename="src/main.cpp">
			<Option target="Debug" />
		</Unit>
		<Unit filename="test/DeckTest.cpp">
			<Option target="Testing" />
		</Unit>
		<Unit filename="test/GoFishTest.cpp">
			<Option target="Testing" />
		</Unit>
		<Unit filename="test/MockDeck.h">
			<Option target="Testing" />
		</Unit>
		<Unit filename="test/MockUI.h">
			<Option target="Testing" />
		</Unit>
		<Unit filename="test/runTests.cpp">
			<Option target="Testing" />
		</Unit>
		<Extensions>
			<code_completion />
			<envvars />
			<debugger />
			<lib_finder disable_auto="1" />
		</Extensions>
	</Project>
</CodeBlocks_project_file>
